
Microsoft Visual Studio Solution File, Format Version 12.00
# Visual Studio Version 17
VisualStudioVersion = 17.2.32526.322
MinimumVisualStudioVersion = 10.0.40219.1
Project("{FAE04EC0-301F-11D3-BF4B-00C04F79EFBC}") = "CountryCodePopulator", "CountryCodePopulator\CountryCodePopulator.csproj", "{B1CB103A-ABA8-455E-B7BD-755E42FFDF1A}"
EndProject
Global
	GlobalSection(SolutionConfigurationPlatforms) = preSolution
		Debug|Any CPU = Debug|Any CPU
		Release|Any CPU = Release|Any CPU
	EndGlobalSection
	GlobalSection(ProjectConfigurationPlatforms) = postSolution
		{B1CB103A-ABA8-455E-B7BD-755E42FFDF1A}.Debug|Any CPU.ActiveCfg = Debug|Any CPU
		{B1CB103A-ABA8-455E-B7BD-755E42FFDF1A}.Debug|Any CPU.Build.0 = Debug|Any CPU
		{B1CB103A-ABA8-455E-B7BD-755E42FFDF1A}.Release|Any CPU.ActiveCfg = Release|Any CPU
		{B1CB103A-ABA8-455E-B7BD-755E42FFDF1A}.Release|Any CPU.Build.0 = Release|Any CPU
	EndGlobalSection
	GlobalSection(SolutionProperties) = preSolution
		HideSolutionNode = FALSE
	EndGlobalSection
	GlobalSection(ExtensibilityGlobals) = postSolution
		SolutionGuid = {34928B91-AEA1-4D51-B370-D2FC104E2C50}
	EndGlobalSection
EndGlobal
